
Microsoft Visual Studio Solution File, Format Version 12.00
# Visual Studio Version 16
VisualStudioVersion = 16.0.29613.14
MinimumVisualStudioVersion = 10.0.40219.1
Project("{FAE04EC0-301F-11D3-BF4B-00C04F79EFBC}") = "CadastroDeProduto", "CadastroDeProduto\CadastroDeProduto.csproj", "{B0CA0DE0-59A5-4583-BB19-A516BB244141}"
EndProject
Project("{54435603-DBB4-11D2-8724-00A0C9A8B90C}") = "Instalador Cadastro de Produto", "Instalador\Instalador Cadastro de Produto\Instalador Cadastro de Produto.vdproj", "{AB9D2E6A-E652-4752-86E5-752C09C5333A}"
EndProject
Global
	GlobalSection(SolutionConfigurationPlatforms) = preSolution
		Debug|Any CPU = Debug|Any CPU
		Release|Any CPU = Release|Any CPU
	EndGlobalSection
	GlobalSection(ProjectConfigurationPlatforms) = postSolution
		{B0CA0DE0-59A5-4583-BB19-A516BB244141}.Debug|Any CPU.ActiveCfg = Debug|Any CPU
		{B0CA0DE0-59A5-4583-BB19-A516BB244141}.Debug|Any CPU.Build.0 = Debug|Any CPU
		{B0CA0DE0-59A5-4583-BB19-A516BB244141}.Release|Any CPU.ActiveCfg = Release|Any CPU
		{B0CA0DE0-59A5-4583-BB19-A516BB244141}.Release|Any CPU.Build.0 = Release|Any CPU
		{AB9D2E6A-E652-4752-86E5-752C09C5333A}.Debug|Any CPU.ActiveCfg = Debug
		{AB9D2E6A-E652-4752-86E5-752C09C5333A}.Release|Any CPU.ActiveCfg = Release
	EndGlobalSection
	GlobalSection(SolutionProperties) = preSolution
		HideSolutionNode = FALSE
	EndGlobalSection
	GlobalSection(ExtensibilityGlobals) = postSolution
		SolutionGuid = {B75EB521-083E-4A48-91BF-E8DCA4B3FDB9}
	EndGlobalSection
EndGlobal
